
Microsoft Visual Studio Solution File, Format Version 12.00
# Visual Studio Version 17
VisualStudioVersion = 17.14.36127.28
MinimumVisualStudioVersion = 10.0.40219.1
Project("{FAE04EC0-301F-11D3-BF4B-00C04F79EFBC}") = "UnmanagedStringPool", "UnmanagedStringPool.csproj", "{1BABB60B-9CFA-44A7-AB6A-31BD38B2E73C}"
EndProject
Project("{FAE04EC0-301F-11D3-BF4B-00C04F79EFBC}") = "UnmanagedStringPoolDemo", "UnmanagedStringPoolDemo\UnmanagedStringPoolDemo.csproj", "{2BB51AB4-1C9A-4509-83C0-05445E3EA212}"
EndProject
Global
	GlobalSection(SolutionConfigurationPlatforms) = preSolution
		Debug|Any CPU = Debug|Any CPU
		Debug|x64 = Debug|x64
		Debug|x86 = Debug|x86
		Release|Any CPU = Release|Any CPU
		Release|x64 = Release|x64
		Release|x86 = Release|x86
	EndGlobalSection
	GlobalSection(ProjectConfigurationPlatforms) = postSolution
		{1BABB60B-9CFA-44A7-AB6A-31BD38B2E73C}.Debug|Any CPU.ActiveCfg = Debug|Any CPU
		{1BABB60B-9CFA-44A7-AB6A-31BD38B2E73C}.Debug|Any CPU.Build.0 = Debug|Any CPU
		{1BABB60B-9CFA-44A7-AB6A-31BD38B2E73C}.Debug|x64.ActiveCfg = Debug|Any CPU
		{1BABB60B-9CFA-44A7-AB6A-31BD38B2E73C}.Debug|x64.Build.0 = Debug|Any CPU
		{1BABB60B-9CFA-44A7-AB6A-31BD38B2E73C}.Debug|x86.ActiveCfg = Debug|Any CPU
		{1BABB60B-9CFA-44A7-AB6A-31BD38B2E73C}.Debug|x86.Build.0 = Debug|Any CPU
		{1BABB60B-9CFA-44A7-AB6A-31BD38B2E73C}.Release|Any CPU.ActiveCfg = Release|Any CPU
		{1BABB60B-9CFA-44A7-AB6A-31BD38B2E73C}.Release|Any CPU.Build.0 = Release|Any CPU
		{1BABB60B-9CFA-44A7-AB6A-31BD38B2E73C}.Release|x64.ActiveCfg = Release|Any CPU
		{1BABB60B-9CFA-44A7-AB6A-31BD38B2E73C}.Release|x64.Build.0 = Release|Any CPU
		{1BABB60B-9CFA-44A7-AB6A-31BD38B2E73C}.Release|x86.ActiveCfg = Release|Any CPU
		{1BABB60B-9CFA-44A7-AB6A-31BD38B2E73C}.Release|x86.Build.0 = Release|Any CPU
		{2BB51AB4-1C9A-4509-83C0-05445E3EA212}.Debug|Any CPU.ActiveCfg = Debug|Any CPU
		{2BB51AB4-1C9A-4509-83C0-05445E3EA212}.Debug|Any CPU.Build.0 = Debug|Any CPU
		{2BB51AB4-1C9A-4509-83C0-05445E3EA212}.Debug|x64.ActiveCfg = Debug|Any CPU
		{2BB51AB4-1C9A-4509-83C0-05445E3EA212}.Debug|x64.Build.0 = Debug|Any CPU
		{2BB51AB4-1C9A-4509-83C0-05445E3EA212}.Debug|x86.ActiveCfg = Debug|Any CPU
		{2BB51AB4-1C9A-4509-83C0-05445E3EA212}.Debug|x86.Build.0 = Debug|Any CPU
		{2BB51AB4-1C9A-4509-83C0-05445E3EA212}.Release|Any CPU.ActiveCfg = Release|Any CPU
		{2BB51AB4-1C9A-4509-83C0-05445E3EA212}.Release|Any CPU.Build.0 = Release|Any CPU
		{2BB51AB4-1C9A-4509-83C0-05445E3EA212}.Release|x64.ActiveCfg = Release|Any CPU
		{2BB51AB4-1C9A-4509-83C0-05445E3EA212}.Release|x64.Build.0 = Release|Any CPU
		{2BB51AB4-1C9A-4509-83C0-05445E3EA212}.Release|x86.ActiveCfg = Release|Any CPU
		{2BB51AB4-1C9A-4509-83C0-05445E3EA212}.Release|x86.Build.0 = Release|Any CPU
	EndGlobalSection
	GlobalSection(SolutionProperties) = preSolution
		HideSolutionNode = FALSE
	EndGlobalSection
	GlobalSection(ExtensibilityGlobals) = postSolution
		SolutionGuid = {95DDCF57-2C3E-4C6B-A25D-D837667F5BDF}
	EndGlobalSection
EndGlobal
